
Microsoft Visual Studio Solution File, Format Version 12.00
# Visual Studio 15
VisualStudioVersion = 15.0.28010.2016
MinimumVisualStudioVersion = 10.0.40219.1
Project("{9A19103F-16F7-4668-BE54-9A1E7A4F7556}") = "GettingStarted", "GettingStarted\GettingStarted.csproj", "{D03C736B-D212-4B1C-B6E7-4C5A589B0D60}"
EndProject
Project("{FAE04EC0-301F-11D3-BF4B-00C04F79EFBC}") = "Favorite", "Favorite\Favorite.csproj", "{E7D0C8AA-5D17-4005-BDA3-E140166F629E}"
EndProject
Global
	GlobalSection(SolutionConfigurationPlatforms) = preSolution
		Debug|Any CPU = Debug|Any CPU
		Release|Any CPU = Release|Any CPU
	EndGlobalSection
	GlobalSection(ProjectConfigurationPlatforms) = postSolution
		{D03C736B-D212-4B1C-B6E7-4C5A589B0D60}.Debug|Any CPU.ActiveCfg = Debug|Any CPU
		{D03C736B-D212-4B1C-B6E7-4C5A589B0D60}.Debug|Any CPU.Build.0 = Debug|Any CPU
		{D03C736B-D212-4B1C-B6E7-4C5A589B0D60}.Release|Any CPU.ActiveCfg = Release|Any CPU
		{D03C736B-D212-4B1C-B6E7-4C5A589B0D60}.Release|Any CPU.Build.0 = Release|Any CPU
		{E7D0C8AA-5D17-4005-BDA3-E140166F629E}.Debug|Any CPU.ActiveCfg = Debug|Any CPU
		{E7D0C8AA-5D17-4005-BDA3-E140166F629E}.Debug|Any CPU.Build.0 = Debug|Any CPU
		{E7D0C8AA-5D17-4005-BDA3-E140166F629E}.Release|Any CPU.ActiveCfg = Release|Any CPU
		{E7D0C8AA-5D17-4005-BDA3-E140166F629E}.Release|Any CPU.Build.0 = Release|Any CPU
	EndGlobalSection
	GlobalSection(SolutionProperties) = preSolution
		HideSolutionNode = FALSE
	EndGlobalSection
	GlobalSection(ExtensibilityGlobals) = postSolution
		SolutionGuid = {B0BD6F1D-F82C-4274-894F-A64C98629627}
	EndGlobalSection
EndGlobal
